
Microsoft Visual Studio Solution File, Format Version 12.00
# Visual Studio Version 16
VisualStudioVersion = 16.0.29709.97
MinimumVisualStudioVersion = 10.0.40219.1
Project("{FAE04EC0-301F-11D3-BF4B-00C04F79EFBC}") = "FactoryMethod", "FactoryMethod\FactoryMethod.csproj", "{ABF04C7F-6B22-40B7-8F39-657FD4C04B2C}"
EndProject
Global
	GlobalSection(SolutionConfigurationPlatforms) = preSolution
		Debug|Any CPU = Debug|Any CPU
		Release|Any CPU = Release|Any CPU
	EndGlobalSection
	GlobalSection(ProjectConfigurationPlatforms) = postSolution
		{ABF04C7F-6B22-40B7-8F39-657FD4C04B2C}.Debug|Any CPU.ActiveCfg = Debug|Any CPU
		{ABF04C7F-6B22-40B7-8F39-657FD4C04B2C}.Debug|Any CPU.Build.0 = Debug|Any CPU
		{ABF04C7F-6B22-40B7-8F39-657FD4C04B2C}.Release|Any CPU.ActiveCfg = Release|Any CPU
		{ABF04C7F-6B22-40B7-8F39-657FD4C04B2C}.Release|Any CPU.Build.0 = Release|Any CPU
	EndGlobalSection
	GlobalSection(SolutionProperties) = preSolution
		HideSolutionNode = FALSE
	EndGlobalSection
	GlobalSection(ExtensibilityGlobals) = postSolution
		SolutionGuid = {58B13916-C7DE-479B-BB95-8FE6D1260331}
	EndGlobalSection
EndGlobal
